
Microsoft Visual Studio Solution File, Format Version 12.00
# Visual Studio Version 17
VisualStudioVersion = 17.1.32120.378
MinimumVisualStudioVersion = 10.0.40219.1
Project("{9A19103F-16F7-4668-BE54-9A1E7A4F7556}") = "FantasyMvvm", "FantasyMvvm\FantasyMvvm.csproj", "{BB14AF68-BF13-4603-8216-1C854D4227C5}"
EndProject
Project("{FAE04EC0-301F-11D3-BF4B-00C04F79EFBC}") = "BlazorTest", "BlazorTest\BlazorTest.csproj", "{B2C0D0E7-7112-4FBE-B5E2-DF2F7C8F4579}"
EndProject
Global
	GlobalSection(SolutionConfigurationPlatforms) = preSolution
		Debug|Any CPU = Debug|Any CPU
		Release|Any CPU = Release|Any CPU
	EndGlobalSection
	GlobalSection(ProjectConfigurationPlatforms) = postSolution
		{BB14AF68-BF13-4603-8216-1C854D4227C5}.Debug|Any CPU.ActiveCfg = Debug|Any CPU
		{BB14AF68-BF13-4603-8216-1C854D4227C5}.Debug|Any CPU.Build.0 = Debug|Any CPU
		{BB14AF68-BF13-4603-8216-1C854D4227C5}.Release|Any CPU.ActiveCfg = Release|Any CPU
		{BB14AF68-BF13-4603-8216-1C854D4227C5}.Release|Any CPU.Build.0 = Release|Any CPU
		{B2C0D0E7-7112-4FBE-B5E2-DF2F7C8F4579}.Debug|Any CPU.ActiveCfg = Debug|Any CPU
		{B2C0D0E7-7112-4FBE-B5E2-DF2F7C8F4579}.Debug|Any CPU.Build.0 = Debug|Any CPU
		{B2C0D0E7-7112-4FBE-B5E2-DF2F7C8F4579}.Debug|Any CPU.Deploy.0 = Debug|Any CPU
		{B2C0D0E7-7112-4FBE-B5E2-DF2F7C8F4579}.Release|Any CPU.ActiveCfg = Release|Any CPU
		{B2C0D0E7-7112-4FBE-B5E2-DF2F7C8F4579}.Release|Any CPU.Build.0 = Release|Any CPU
		{B2C0D0E7-7112-4FBE-B5E2-DF2F7C8F4579}.Release|Any CPU.Deploy.0 = Release|Any CPU
	EndGlobalSection
	GlobalSection(SolutionProperties) = preSolution
		HideSolutionNode = FALSE
	EndGlobalSection
	GlobalSection(ExtensibilityGlobals) = postSolution
		SolutionGuid = {8FD1F668-2544-49D9-95FC-E5E45A4CBED9}
	EndGlobalSection
EndGlobal
